// !$*UTF8*$!
{
	archiveVersion = 1;
	classes = {
	};
	objectVersion = 50;
	objects = {

/* Begin PBXBuildFile section */
		EEEDE3752476D85300E5C695 /* AppDelegate.swift in Sources */ = {isa = PBXBuildFile; fileRef = EEEDE3742476D85300E5C695 /* AppDelegate.swift */; };
		EEEDE3772476D85300E5C695 /* SceneDelegate.swift in Sources */ = {isa = PBXBuildFile; fileRef = EEEDE3762476D85300E5C695 /* SceneDelegate.swift */; };
		EEEDE3792476D85300E5C695 /* ContentView.swift in Sources */ = {isa = PBXBuildFile; fileRef = EEEDE3782476D85300E5C695 /* ContentView.swift */; };
		EEEDE37B2476D85600E5C695 /* Assets.xcassets in Resources */ = {isa = PBXBuildFile; fileRef = EEEDE37A2476D85600E5C695 /* Assets.xcassets */; };
		EEEDE37E2476D85600E5C695 /* Preview Assets.xcassets in Resources */ = {isa = PBXBuildFile; fileRef = EEEDE37D2476D85600E5C695 /* Preview Assets.xcassets */; };
		EEEDE3812476D85600E5C695 /* LaunchScreen.storyboard in Resources */ = {isa = PBXBuildFile; fileRef = EEEDE37F2476D85600E5C695 /* LaunchScreen.storyboard */; };
		EEEDE38C2476D85700E5C695 /* WeSplitTests.swift in Sources */ = {isa = PBXBuildFile; fileRef = EEEDE38B2476D85700E5C695 /* WeSplitTests.swift */; };
		EEEDE3972476D85700E5C695 /* WeSplitUITests.swift in Sources */ = {isa = PBXBuildFile; fileRef = EEEDE3962476D85700E5C695 /* WeSplitUITests.swift */; };
/* End PBXBuildFile section */

/* Begin PBXContainerItemProxy section */
		EEEDE3882476D85700E5C695 /* PBXContainerItemProxy */ = {
			isa = PBXContainerItemProxy;
			containerPortal = EEEDE3692476D85300E5C695 /* Project object */;
			proxyType = 1;
			remoteGlobalIDString = EEEDE3702476D85300E5C695;
			remoteInfo = WeSplit;
		};
		EEEDE3932476D85700E5C695 /* PBXContainerItemProxy */ = {
			isa = PBXContainerItemProxy;
			containerPortal = EEEDE3692476D85300E5C695 /* Project object */;
			proxyType = 1;
			remoteGlobalIDString = EEEDE3702476D85300E5C695;
			remoteInfo = WeSplit;
		};
/* End PBXContainerItemProxy section */

/* Begin PBXFileReference section */
		EEEDE3712476D85300E5C695 /* WeSplit.app */ = {isa = PBXFileReference; explicitFileType = wrapper.application; includeInIndex = 0; path = WeSplit.app; sourceTree = BUILT_PRODUCTS_DIR; };
		EEEDE3742476D85300E5C695 /* AppDelegate.swift */ = {isa = PBXFileReference; lastKnownFileType = sourcecode.swift; path = AppDelegate.swift; sourceTree = "<group>"; };
		EEEDE3762476D85300E5C695 /* SceneDelegate.swift */ = {isa = PBXFileReference; lastKnownFileType = sourcecode.swift; path = SceneDelegate.swift; sourceTree = "<group>"; };
		EEEDE3782476D85300E5C695 /* ContentView.swift */ = {isa = PBXFileReference; lastKnownFileType = sourcecode.swift; path = ContentView.swift; sourceTree = "<group>"; };
		EEEDE37A2476D85600E5C695 /* Assets.xcassets */ = {isa = PBXFileReference; lastKnownFileType = folder.assetcatalog; path = Assets.xcassets; sourceTree = "<group>"; };
		EEEDE37D2476D85600E5C695 /* Preview Assets.xcassets */ = {isa = PBXFileReference; lastKnownFileType = folder.assetcatalog; path = "Preview Assets.xcassets"; sourceTree = "<group>"; };
		EEEDE3802476D85600E5C695 /* Base */ = {isa = PBXFileReference; lastKnownFileType = file.storyboard; name = Base; path = Base.lproj/LaunchScreen.storyboard; sourceTree = "<group>"; };
		EEEDE3822476D85600E5C695 /* Info.plist */ = {isa = PBXFileReference; lastKnownFileType = text.plist.xml; path = Info.plist; sourceTree = "<group>"; };
		EEEDE3872476D85700E5C695 /* WeSplitTests.xctest */ = {isa = PBXFileReference; explicitFileType = wrapper.cfbundle; includeInIndex = 0; path = WeSplitTests.xctest; sourceTree = BUILT_PRODUCTS_DIR; };
		EEEDE38B2476D85700E5C695 /* WeSplitTests.swift */ = {isa = PBXFileReference; lastKnownFileType = sourcecode.swift; path = WeSplitTests.swift; sourceTree = "<group>"; };
		EEEDE38D2476D85700E5C695 /* Info.plist */ = {isa = PBXFileReference; lastKnownFileType = text.plist.xml; path = Info.plist; sourceTree = "<group>"; };
		EEEDE3922476D85700E5C695 /* WeSplitUITests.xctest */ = {isa = PBXFileReference; explicitFileType = wrapper.cfbundle; includeInIndex = 0; path = WeSplitUITests.xctest; sourceTree = BUILT_PRODUCTS_DIR; };
		EEEDE3962476D85700E5C695 /* WeSplitUITests.swift */ = {isa = PBXFileReference; lastKnownFileType = sourcecode.swift; path = WeSplitUITests.swift; sourceTree = "<group>"; };
		EEEDE3982476D85700E5C695 /* Info.plist */ = {isa = PBXFileReference; lastKnownFileType = text.plist.xml; path = Info.plist; sourceTree = "<group>"; };
/* End PBXFileReference section */

/* Begin PBXFrameworksBuildPhase section */
		EEEDE36E2476D85300E5C695 /* Frameworks */ = {
			isa = PBXFrameworksBuildPhase;
			buildActionMask = 2147483647;
			files = (
			);
			runOnlyForDeploymentPostprocessing = 0;
		};
		EEEDE3842476D85700E5C695 /* Frameworks */ = {
			isa = PBXFrameworksBuildPhase;
			buildActionMask = 2147483647;
			files = (
			);
			runOnlyForDeploymentPostprocessing = 0;
		};
		EEEDE38F2476D85700E5C695 /* Frameworks */ = {
			isa = PBXFrameworksBuildPhase;
			buildActionMask = 2147483647;
			files = (
			);
			runOnlyForDeploymentPostprocessing = 0;
		};
/* End PBXFrameworksBuildPhase section */

/* Begin PBXGroup section */
		EEEDE3682476D85300E5C695 = {
			isa = PBXGroup;
			children = (
				EEEDE3732476D85300E5C695 /* WeSplit */,
				EEEDE38A2476D85700E5C695 /* WeSplitTests */,
				EEEDE3952476D85700E5C695 /* WeSplitUITests */,
				EEEDE3722476D85300E5C695 /* Products */,
			);
			sourceTree = "<group>";
		};
		EEEDE3722476D85300E5C695 /* Products */ = {
			isa = PBXGroup;
			children = (
				EEEDE3712476D85300E5C695 /* WeSplit.app */,
				EEEDE3872476D85700E5C695 /* WeSplitTests.xctest */,
				EEEDE3922476D85700E5C695 /* WeSplitUITests.xctest */,
			);
			name = Products;
			sourceTree = "<group>";
		};
		EEEDE3732476D85300E5C695 /* WeSplit */ = {
			isa = PBXGroup;
			children = (
				EEEDE3742476D85300E5C695 /* AppDelegate.swift */,
				EEEDE3762476D85300E5C695 /* SceneDelegate.swift */,
				EEEDE3782476D85300E5C695 /* ContentView.swift */,
				EEEDE37A2476D85600E5C695 /* Assets.xcassets */,
				EEEDE37F2476D85600E5C695 /* LaunchScreen.storyboard */,
				EEEDE3822476D85600E5C695 /* Info.plist */,
				EEEDE37C2476D85600E5C695 /* Preview Content */,
			);
			path = WeSplit;
			sourceTree = "<group>";
		};
		EEEDE37C2476D85600E5C695 /* Preview Content */ = {
			isa = PBXGroup;
			children = (
				EEEDE37D2476D85600E5C695 /* Preview Assets.xcassets */,
			);
			path = "Preview Content";
			sourceTree = "<group>";
		};
		EEEDE38A2476D85700E5C695 /* WeSplitTests */ = {
			isa = PBXGroup;
			children = (
				EEEDE38B2476D85700E5C695 /* WeSplitTests.swift */,
				EEEDE38D2476D85700E5C695 /* Info.plist */,
			);
			path = WeSplitTests;
			sourceTree = "<group>";
		};
		EEEDE3952476D85700E5C695 /* WeSplitUITests */ = {
			isa = PBXGroup;
			children = (
				EEEDE3962476D85700E5C695 /* WeSplitUITests.swift */,
				EEEDE3982476D85700E5C695 /* Info.plist */,
			);
			path = WeSplitUITests;
			sourceTree = "<group>";
		};
/* End PBXGroup section */

/* Begin PBXNativeTarget section */
		EEEDE3702476D85300E5C695 /* WeSplit */ = {
			isa = PBXNativeTarget;
			buildConfigurationList = EEEDE39B2476D85700E5C695 /* Build configuration list for PBXNativeTarget "WeSplit" */;
			buildPhases = (
				EEEDE36D2476D85300E5C695 /* Sources */,
				EEEDE36E2476D85300E5C695 /* Frameworks */,
				EEEDE36F2476D85300E5C695 /* Resources */,
			);
			buildRules = (
			);
			dependencies = (
			);
			name = WeSplit;
			productName = WeSplit;
			productReference = EEEDE3712476D85300E5C695 /* WeSplit.app */;
			productType = "com.apple.product-type.application";
		};
		EEEDE3862476D85700E5C695 /* WeSplitTests */ = {
			isa = PBXNativeTarget;
			buildConfigurationList = EEEDE39E2476D85700E5C695 /* Build configuration list for PBXNativeTarget "WeSplitTests" */;
			buildPhases = (
				EEEDE3832476D85700E5C695 /* Sources */,
				EEEDE3842476D85700E5C695 /* Frameworks */,
				EEEDE3852476D85700E5C695 /* Resources */,
			);
			buildRules = (
			);
			dependencies = (
				EEEDE3892476D85700E5C695 /* PBXTargetDependency */,
			);
			name = WeSplitTests;
			productName = WeSplitTests;
			productReference = EEEDE3872476D85700E5C695 /* WeSplitTests.xctest */;
			productType = "com.apple.product-type.bundle.unit-test";
		};
		EEEDE3912476D85700E5C695 /* WeSplitUITests */ = {
			isa = PBXNativeTarget;
			buildConfigurationList = EEEDE3A12476D85700E5C695 /* Build configuration list for PBXNativeTarget "WeSplitUITests" */;
			buildPhases = (
				EEEDE38E2476D85700E5C695 /* Sources */,
				EEEDE38F2476D85700E5C695 /* Frameworks */,
				EEEDE3902476D85700E5C695 /* Resources */,
			);
			buildRules = (
			);
			dependencies = (
				EEEDE3942476D85700E5C695 /* PBXTargetDependency */,
			);
			name = WeSplitUITests;
			productName = WeSplitUITests;
			productReference = EEEDE3922476D85700E5C695 /* WeSplitUITests.xctest */;
			productType = "com.apple.product-type.bundle.ui-testing";
		};
/* End PBXNativeTarget section */

/* Begin PBXProject section */
		EEEDE3692476D85300E5C695 /* Project object */ = {
			isa = PBXProject;
			attributes = {
				LastSwiftUpdateCheck = 1140;
				LastUpgradeCheck = 1140;
				ORGANIZATIONNAME = "Dathan Wong";
				TargetAttributes = {
					EEEDE3702476D85300E5C695 = {
						CreatedOnToolsVersion = 11.4.1;
					};
					EEEDE3862476D85700E5C695 = {
						CreatedOnToolsVersion = 11.4.1;
						TestTargetID = EEEDE3702476D85300E5C695;
					};
					EEEDE3912476D85700E5C695 = {
						CreatedOnToolsVersion = 11.4.1;
						TestTargetID = EEEDE3702476D85300E5C695;
					};
				};
			};
			buildConfigurationList = EEEDE36C2476D85300E5C695 /* Build configuration list for PBXProject "WeSplit" */;
			compatibilityVersion = "Xcode 9.3";
			developmentRegion = en;
			hasScannedForEncodings = 0;
			knownRegions = (
				en,
				Base,
			);
			mainGroup = EEEDE3682476D85300E5C695;
			productRefGroup = EEEDE3722476D85300E5C695 /* Products */;
			projectDirPath = "";
			projectRoot = "";
			targets = (
				EEEDE3702476D85300E5C695 /* WeSplit */,
				EEEDE3862476D85700E5C695 /* WeSplitTests */,
				EEEDE3912476D85700E5C695 /* WeSplitUITests */,
			);
		};
/* End PBXProject section */

/* Begin PBXResourcesBuildPhase section */
		EEEDE36F2476D85300E5C695 /* Resources */ = {
			isa = PBXResourcesBuildPhase;
			buildActionMask = 2147483647;
			files = (
				EEEDE3812476D85600E5C695 /* LaunchScreen.storyboard in Resources */,
				EEEDE37E2476D85600E5C695 /* Preview Assets.xcassets in Resources */,
				EEEDE37B2476D85600E5C695 /* Assets.xcassets in Resources */,
			);
			runOnlyForDeploymentPostprocessing = 0;
		};
		EEEDE3852476D85700E5C695 /* Resources */ = {
			isa = PBXResourcesBuildPhase;
			buildActionMask = 2147483647;
			files = (
			);
			runOnlyForDeploymentPostprocessing = 0;
		};
		EEEDE3902476D85700E5C695 /* Resources */ = {
			isa = PBXResourcesBuildPhase;
			buildActionMask = 2147483647;
			files = (
			);
			runOnlyForDeploymentPostprocessing = 0;
		};
/* End PBXResourcesBuildPhase section */

/* Begin PBXSourcesBuildPhase section */
		EEEDE36D2476D85300E5C695 /* Sources */ = {
			isa = PBXSourcesBuildPhase;
			buildActionMask = 2147483647;
			files = (
				EEEDE3752476D85300E5C695 /* AppDelegate.swift in Sources */,
				EEEDE3772476D85300E5C695 /* SceneDelegate.swift in Sources */,
				EEEDE3792476D85300E5C695 /* ContentView.swift in Sources */,
			);
			runOnlyForDeploymentPostprocessing = 0;
		};
		EEEDE3832476D85700E5C695 /* Sources */ = {
			isa = PBXSourcesBuildPhase;
			buildActionMask = 2147483647;
			files = (
				EEEDE38C2476D85700E5C695 /* WeSplitTests.swift in Sources */,
			);
			runOnlyForDeploymentPostprocessing = 0;
		};
		EEEDE38E2476D85700E5C695 /* Sources */ = {
			isa = PBXSourcesBuildPhase;
			buildActionMask = 2147483647;
			files = (
				EEEDE3972476D85700E5C695 /* WeSplitUITests.swift in Sources */,
			);
			runOnlyForDeploymentPostprocessing = 0;
		};
/* End PBXSourcesBuildPhase section */

/* Begin PBXTargetDependency section */
		EEEDE3892476D85700E5C695 /* PBXTargetDependency */ = {
			isa = PBXTargetDependency;
			target = EEEDE3702476D85300E5C695 /* WeSplit */;
			targetProxy = EEEDE3882476D85700E5C695 /* PBXContainerItemProxy */;
		};
		EEEDE3942476D85700E5C695 /* PBXTargetDependency */ = {
			isa = PBXTargetDependency;
			target = EEEDE3702476D85300E5C695 /* WeSplit */;
			targetProxy = EEEDE3932476D85700E5C695 /* PBXContainerItemProxy */;
		};
/* End PBXTargetDependency section */

/* Begin PBXVariantGroup section */
		EEEDE37F2476D85600E5C695 /* LaunchScreen.storyboard */ = {
			isa = PBXVariantGroup;
			children = (
				EEEDE3802476D85600E5C695 /* Base */,
			);
			name = LaunchScreen.storyboard;
			sourceTree = "<group>";
		};
/* End PBXVariantGroup section */

/* Begin XCBuildConfiguration section */
		EEEDE3992476D85700E5C695 /* Debug */ = {
			isa = XCBuildConfiguration;
			buildSettings = {
				ALWAYS_SEARCH_USER_PATHS = NO;
				CLANG_ANALYZER_NONNULL = YES;
				CLANG_ANALYZER_NUMBER_OBJECT_CONVERSION = YES_AGGRESSIVE;
				CLANG_CXX_LANGUAGE_STANDARD = "gnu++14";
				CLANG_CXX_LIBRARY = "libc++";
				CLANG_ENABLE_MODULES = YES;
				CLANG_ENABLE_OBJC_ARC = YES;
				CLANG_ENABLE_OBJC_WEAK = YES;
				CLANG_WARN_BLOCK_CAPTURE_AUTORELEASING = YES;
				CLANG_WARN_BOOL_CONVERSION = YES;
				CLANG_WARN_COMMA = YES;
				CLANG_WARN_CONSTANT_CONVERSION = YES;
				CLANG_WARN_DEPRECATED_OBJC_IMPLEMENTATIONS = YES;
				CLANG_WARN_DIRECT_OBJC_ISA_USAGE = YES_ERROR;
				CLANG_WARN_DOCUMENTATION_COMMENTS = YES;
				CLANG_WARN_EMPTY_BODY = YES;
				CLANG_WARN_ENUM_CONVERSION = YES;
				CLANG_WARN_INFINITE_RECURSION = YES;
				CLANG_WARN_INT_CONVERSION = YES;
				CLANG_WARN_NON_LITERAL_NULL_CONVERSION = YES;
				CLANG_WARN_OBJC_IMPLICIT_RETAIN_SELF = YES;
				CLANG_WARN_OBJC_LITERAL_CONVERSION = YES;
				CLANG_WARN_OBJC_ROOT_CLASS = YES_ERROR;
				CLANG_WARN_RANGE_LOOP_ANALYSIS = YES;
				CLANG_WARN_STRICT_PROTOTYPES = YES;
				CLANG_WARN_SUSPICIOUS_MOVE = YES;
				CLANG_WARN_UNGUARDED_AVAILABILITY = YES_AGGRESSIVE;
				CLANG_WARN_UNREACHABLE_CODE = YES;
				CLANG_WARN__DUPLICATE_METHOD_MATCH = YES;
				COPY_PHASE_STRIP = NO;
				DEBUG_INFORMATION_FORMAT = dwarf;
				ENABLE_STRICT_OBJC_MSGSEND = YES;
				ENABLE_TESTABILITY = YES;
				GCC_C_LANGUAGE_STANDARD = gnu11;
				GCC_DYNAMIC_NO_PIC = NO;
				GCC_NO_COMMON_BLOCKS = YES;
				GCC_OPTIMIZATION_LEVEL = 0;
				GCC_PREPROCESSOR_DEFINITIONS = (
					"DEBUG=1",
					"$(inherited)",
				);
				GCC_WARN_64_TO_32_BIT_CONVERSION = YES;
				GCC_WARN_ABOUT_RETURN_TYPE = YES_ERROR;
				GCC_WARN_UNDECLARED_SELECTOR = YES;
				GCC_WARN_UNINITIALIZED_AUTOS = YES_AGGRESSIVE;
				GCC_WARN_UNUSED_FUNCTION = YES;
				GCC_WARN_UNUSED_VARIABLE = YES;
				IPHONEOS_DEPLOYMENT_TARGET = 13.4;
				MTL_ENABLE_DEBUG_INFO = INCLUDE_SOURCE;
				MTL_FAST_MATH = YES;
				ONLY_ACTIVE_ARCH = YES;
				SDKROOT = iphoneos;
				SWIFT_ACTIVE_COMPILATION_CONDITIONS = DEBUG;
				SWIFT_OPTIMIZATION_LEVEL = "-Onone";
			};
			name = Debug;
		};
		EEEDE39A2476D85700E5C695 /* Release */ = {
			isa = XCBuildConfiguration;
			buildSettings = {
				ALWAYS_SEARCH_USER_PATHS = NO;
				CLANG_ANALYZER_NONNULL = YES;
				CLANG_ANALYZER_NUMBER_OBJECT_CONVERSION = YES_AGGRESSIVE;
				CLANG_CXX_LANGUAGE_STANDARD = "gnu++14";
				CLANG_CXX_LIBRARY = "libc++";
				CLANG_ENABLE_MODULES = YES;
				CLANG_ENABLE_OBJC_ARC = YES;
				CLANG_ENABLE_OBJC_WEAK = YES;
				CLANG_WARN_BLOCK_CAPTURE_AUTORELEASING = YES;
				CLANG_WARN_BOOL_CONVERSION = YES;
				CLANG_WARN_COMMA = YES;
				CLANG_WARN_CONSTANT_CONVERSION = YES;
				CLANG_WARN_DEPRECATED_OBJC_IMPLEMENTATIONS = YES;
				CLANG_WARN_DIRECT_OBJC_ISA_USAGE = YES_ERROR;
				CLANG_WARN_DOCUMENTATION_COMMENTS = YES;
				CLANG_WARN_EMPTY_BODY = YES;
				CLANG_WARN_ENUM_CONVERSION = YES;
				CLANG_WARN_INFINITE_RECURSION = YES;
				CLANG_WARN_INT_CONVERSION = YES;
				CLANG_WARN_NON_LITERAL_NULL_CONVERSION = YES;
				CLANG_WARN_OBJC_IMPLICIT_RETAIN_SELF = YES;
				CLANG_WARN_OBJC_LITERAL_CONVERSION = YES;
				CLANG_WARN_OBJC_ROOT_CLASS = YES_ERROR;
				CLANG_WARN_RANGE_LOOP_ANALYSIS = YES;
				CLANG_WARN_STRICT_PROTOTYPES = YES;
				CLANG_WARN_SUSPICIOUS_MOVE = YES;
				CLANG_WARN_UNGUARDED_AVAILABILITY = YES_AGGRESSIVE;
				CLANG_WARN_UNREACHABLE_CODE = YES;
				CLANG_WARN__DUPLICATE_METHOD_MATCH = YES;
				COPY_PHASE_STRIP = NO;
				DEBUG_INFORMATION_FORMAT = "dwarf-with-dsym";
				ENABLE_NS_ASSERTIONS = NO;
				ENABLE_STRICT_OBJC_MSGSEND = YES;
				GCC_C_LANGUAGE_STANDARD = gnu11;
				GCC_NO_COMMON_BLOCKS = YES;
				GCC_WARN_64_TO_32_BIT_CONVERSION = YES;
				GCC_WARN_ABOUT_RETURN_TYPE = YES_ERROR;
				GCC_WARN_UNDECLARED_SELECTOR = YES;
				GCC_WARN_UNINITIALIZED_AUTOS = YES_AGGRESSIVE;
				GCC_WARN_UNUSED_FUNCTION = YES;
				GCC_WARN_UNUSED_VARIABLE = YES;
				IPHONEOS_DEPLOYMENT_TARGET = 13.4;
				MTL_ENABLE_DEBUG_INFO = NO;
				MTL_FAST_MATH = YES;
				SDKROOT = iphoneos;
				SWIFT_COMPILATION_MODE = wholemodule;
				SWIFT_OPTIMIZATION_LEVEL = "-O";
				VALIDATE_PRODUCT = YES;
			};
			name = Release;
		};
		EEEDE39C2476D85700E5C695 /* Debug */ = {
			isa = XCBuildConfiguration;
			buildSettings = {
				ASSETCATALOG_COMPILER_APPICON_NAME = AppIcon;
				CODE_SIGN_STYLE = Automatic;
				DEVELOPMENT_ASSET_PATHS = "\"WeSplit/Preview Content\"";
				DEVELOPMENT_TEAM = G25YKW6NR4;
				ENABLE_PREVIEWS = YES;
				INFOPLIST_FILE = WeSplit/Info.plist;
				LD_RUNPATH_SEARCH_PATHS = (
					"$(inherited)",
					"@executable_path/Frameworks",
				);
				PRODUCT_BUNDLE_IDENTIFIER = com.dathanwong.WeSplit;
				PRODUCT_NAME = "$(TARGET_NAME)";
				SWIFT_VERSION = 5.0;
				TARGETED_DEVICE_FAMILY = "1,2";
			};
			name = Debug;
		};
		EEEDE39D2476D85700E5C695 /* Release */ = {
			isa = XCBuildConfiguration;
			buildSettings = {
				ASSETCATALOG_COMPILER_APPICON_NAME = AppIcon;
				CODE_SIGN_STYLE = Automatic;
				DEVELOPMENT_ASSET_PATHS = "\"WeSplit/Preview Content\"";
				DEVELOPMENT_TEAM = G25YKW6NR4;
				ENABLE_PREVIEWS = YES;
				INFOPLIST_FILE = WeSplit/Info.plist;
				LD_RUNPATH_SEARCH_PATHS = (
					"$(inherited)",
					"@executable_path/Frameworks",
				);
				PRODUCT_BUNDLE_IDENTIFIER = com.dathanwong.WeSplit;
				PRODUCT_NAME = "$(TARGET_NAME)";
				SWIFT_VERSION = 5.0;
				TARGETED_DEVICE_FAMILY = "1,2";
			};
			name = Release;
		};
		EEEDE39F2476D85700E5C695 /* Debug */ = {
			isa = XCBuildConfiguration;
			buildSettings = {
				ALWAYS_EMBED_SWIFT_STANDARD_LIBRARIES = YES;
				BUNDLE_LOADER = "$(TEST_HOST)";
				CODE_SIGN_STYLE = Automatic;
				DEVELOPMENT_TEAM = G25YKW6NR4;
				INFOPLIST_FILE = WeSplitTests/Info.plist;
				IPHONEOS_DEPLOYMENT_TARGET = 13.4;
				LD_RUNPATH_SEARCH_PATHS = (
					"$(inherited)",
					"@executable_path/Frameworks",
					"@loader_path/Frameworks",
				);
				PRODUCT_BUNDLE_IDENTIFIER = com.dathanwong.WeSplitTests;
				PRODUCT_NAME = "$(TARGET_NAME)";
				SWIFT_VERSION = 5.0;
				TARGETED_DEVICE_FAMILY = "1,2";
				TEST_HOST = "$(BUILT_PRODUCTS_DIR)/WeSplit.app/WeSplit";
			};
			name = Debug;
		};
		EEEDE3A02476D85700E5C695 /* Release */ = {
			isa = XCBuildConfiguration;
			buildSettings = {
				ALWAYS_EMBED_SWIFT_STANDARD_LIBRARIES = YES;
				BUNDLE_LOADER = "$(TEST_HOST)";
				CODE_SIGN_STYLE = Automatic;
				DEVELOPMENT_TEAM = G25YKW6NR4;
				INFOPLIST_FILE = WeSplitTests/Info.plist;
				IPHONEOS_DEPLOYMENT_TARGET = 13.4;
				LD_RUNPATH_SEARCH_PATHS = (
					"$(inherited)",
					"@executable_path/Frameworks",
					"@loader_path/Frameworks",
				);
				PRODUCT_BUNDLE_IDENTIFIER = com.dathanwong.WeSplitTests;
				PRODUCT_NAME = "$(TARGET_NAME)";
				SWIFT_VERSION = 5.0;
				TARGETED_DEVICE_FAMILY = "1,2";
				TEST_HOST = "$(BUILT_PRODUCTS_DIR)/WeSplit.app/WeSplit";
			};
			name = Release;
		};
		EEEDE3A22476D85700E5C695 /* Debug */ = {
			isa = XCBuildConfiguration;
			buildSettings = {
				ALWAYS_EMBED_SWIFT_STANDARD_LIBRARIES = YES;
				CODE_SIGN_STYLE = Automatic;
				DEVELOPMENT_TEAM = G25YKW6NR4;
				INFOPLIST_FILE = WeSplitUITests/Info.plist;
				LD_RUNPATH_SEARCH_PATHS = (
					"$(inherited)",
					"@executable_path/Frameworks",
					"@loader_path/Frameworks",
				);
				PRODUCT_BUNDLE_IDENTIFIER = com.dathanwong.WeSplitUITests;
				PRODUCT_NAME = "$(TARGET_NAME)";
				SWIFT_VERSION = 5.0;
				TARGETED_DEVICE_FAMILY = "1,2";
				TEST_TARGET_NAME = WeSplit;
			};
			name = Debug;
		};
		EEEDE3A32476D85700E5C695 /* Release */ = {
			isa = XCBuildConfiguration;
			buildSettings = {
				ALWAYS_EMBED_SWIFT_STANDARD_LIBRARIES = YES;
				CODE_SIGN_STYLE = Automatic;
				DEVELOPMENT_TEAM = G25YKW6NR4;
				INFOPLIST_FILE = WeSplitUITests/Info.plist;
				LD_RUNPATH_SEARCH_PATHS = (
					"$(inherited)",
					"@executable_path/Frameworks",
					"@loader_path/Frameworks",
				);
				PRODUCT_BUNDLE_IDENTIFIER = com.dathanwong.WeSplitUITests;
				PRODUCT_NAME = "$(TARGET_NAME)";
				SWIFT_VERSION = 5.0;
				TARGETED_DEVICE_FAMILY = "1,2";
				TEST_TARGET_NAME = WeSplit;
			};
			name = Release;
		};
/* End XCBuildConfiguration section */

/* Begin XCConfigurationList section */
		EEEDE36C2476D85300E5C695 /* Build configuration list for PBXProject "WeSplit" */ = {
			isa = XCConfigurationList;
			buildConfigurations = (
				EEEDE3992476D85700E5C695 /* Debug */,
				EEEDE39A2476D85700E5C695 /* Release */,
			);
			defaultConfigurationIsVisible = 0;
			defaultConfigurationName = Release;
		};
		EEEDE39B2476D85700E5C695 /* Build configuration list for PBXNativeTarget "WeSplit" */ = {
			isa = XCConfigurationList;
			buildConfigurations = (
				EEEDE39C2476D85700E5C695 /* Debug */,
				EEEDE39D2476D85700E5C695 /* Release */,
			);
			defaultConfigurationIsVisible = 0;
			defaultConfigurationName = Release;
		};
		EEEDE39E2476D85700E5C695 /* Build configuration list for PBXNativeTarget "WeSplitTests" */ = {
			isa = XCConfigurationList;
			buildConfigurations = (
				EEEDE39F2476D85700E5C695 /* Debug */,
				EEEDE3A02476D85700E5C695 /* Release */,
			);
			defaultConfigurationIsVisible = 0;
			defaultConfigurationName = Release;
		};
		EEEDE3A12476D85700E5C695 /* Build configuration list for PBXNativeTarget "WeSplitUITests" */ = {
			isa = XCConfigurationList;
			buildConfigurations = (
				EEEDE3A22476D85700E5C695 /* Debug */,
				EEEDE3A32476D85700E5C695 /* Release */,
			);
			defaultConfigurationIsVisible = 0;
			defaultConfigurationName = Release;
		};
/* End XCConfigurationList section */
	};
	rootObject = EEEDE3692476D85300E5C695 /* Project object */;
}
